
Microsoft Visual Studio Solution File, Format Version 12.00
# Visual Studio 14
VisualStudioVersion = 14.0.25420.1
MinimumVisualStudioVersion = 10.0.40219.1
Project("{FAE04EC0-301F-11D3-BF4B-00C04F79EFBC}") = "Posco.DC.SCADA", "Posco.DC.SCADA\Posco.DC.SCADA.csproj", "{63CBE648-631B-42EA-A7E8-C8F86DC3D8CF}"
EndProject
Project("{FAE04EC0-301F-11D3-BF4B-00C04F79EFBC}") = "Posco.DC.WebHelper", "Posco.DC.WebHelper\Posco.DC.WebHelper.csproj", "{EB1E4C4B-93B4-4D1D-A236-BF7D219B9F8D}"
EndProject
Project("{FAE04EC0-301F-11D3-BF4B-00C04F79EFBC}") = "Posco.DC.CommonHelper", "CommonHelper\Posco.DC.CommonHelper.csproj", "{D2795C0C-2ADE-4B39-BBB6-EC8F81665A9F}"
EndProject
Project("{FAE04EC0-301F-11D3-BF4B-00C04F79EFBC}") = "Posco.DC.Model", "Model\Posco.DC.Model.csproj", "{AE52D47F-AC1F-4BA8-91B5-3DE4B54E7394}"
EndProject
Project("{FAE04EC0-301F-11D3-BF4B-00C04F79EFBC}") = "Posco.DC.Repository", "Repository\Posco.DC.Repository.csproj", "{4447D1C6-5B59-43DE-8257-62A7BB2F5082}"
EndProject
Project("{FAE04EC0-301F-11D3-BF4B-00C04F79EFBC}") = "Posco.DC.Services", "Services\Posco.DC.Services.csproj", "{20D6C086-1B3D-4FA7-BC2C-B9688B516B13}"
EndProject
Global
	GlobalSection(SolutionConfigurationPlatforms) = preSolution
		Debug|Any CPU = Debug|Any CPU
		Release|Any CPU = Release|Any CPU
	EndGlobalSection
	GlobalSection(ProjectConfigurationPlatforms) = postSolution
		{63CBE648-631B-42EA-A7E8-C8F86DC3D8CF}.Debug|Any CPU.ActiveCfg = Debug|Any CPU
		{63CBE648-631B-42EA-A7E8-C8F86DC3D8CF}.Debug|Any CPU.Build.0 = Debug|Any CPU
		{63CBE648-631B-42EA-A7E8-C8F86DC3D8CF}.Release|Any CPU.ActiveCfg = Release|Any CPU
		{63CBE648-631B-42EA-A7E8-C8F86DC3D8CF}.Release|Any CPU.Build.0 = Release|Any CPU
		{EB1E4C4B-93B4-4D1D-A236-BF7D219B9F8D}.Debug|Any CPU.ActiveCfg = Debug|Any CPU
		{EB1E4C4B-93B4-4D1D-A236-BF7D219B9F8D}.Debug|Any CPU.Build.0 = Debug|Any CPU
		{EB1E4C4B-93B4-4D1D-A236-BF7D219B9F8D}.Release|Any CPU.ActiveCfg = Release|Any CPU
		{EB1E4C4B-93B4-4D1D-A236-BF7D219B9F8D}.Release|Any CPU.Build.0 = Release|Any CPU
		{D2795C0C-2ADE-4B39-BBB6-EC8F81665A9F}.Debug|Any CPU.ActiveCfg = Debug|Any CPU
		{D2795C0C-2ADE-4B39-BBB6-EC8F81665A9F}.Debug|Any CPU.Build.0 = Debug|Any CPU
		{D2795C0C-2ADE-4B39-BBB6-EC8F81665A9F}.Release|Any CPU.ActiveCfg = Release|Any CPU
		{D2795C0C-2ADE-4B39-BBB6-EC8F81665A9F}.Release|Any CPU.Build.0 = Release|Any CPU
		{AE52D47F-AC1F-4BA8-91B5-3DE4B54E7394}.Debug|Any CPU.ActiveCfg = Debug|Any CPU
		{AE52D47F-AC1F-4BA8-91B5-3DE4B54E7394}.Debug|Any CPU.Build.0 = Debug|Any CPU
		{AE52D47F-AC1F-4BA8-91B5-3DE4B54E7394}.Release|Any CPU.ActiveCfg = Release|Any CPU
		{AE52D47F-AC1F-4BA8-91B5-3DE4B54E7394}.Release|Any CPU.Build.0 = Release|Any CPU
		{4447D1C6-5B59-43DE-8257-62A7BB2F5082}.Debug|Any CPU.ActiveCfg = Debug|Any CPU
		{4447D1C6-5B59-43DE-8257-62A7BB2F5082}.Debug|Any CPU.Build.0 = Debug|Any CPU
		{4447D1C6-5B59-43DE-8257-62A7BB2F5082}.Release|Any CPU.ActiveCfg = Release|Any CPU
		{4447D1C6-5B59-43DE-8257-62A7BB2F5082}.Release|Any CPU.Build.0 = Release|Any CPU
		{20D6C086-1B3D-4FA7-BC2C-B9688B516B13}.Debug|Any CPU.ActiveCfg = Debug|Any CPU
		{20D6C086-1B3D-4FA7-BC2C-B9688B516B13}.Debug|Any CPU.Build.0 = Debug|Any CPU
		{20D6C086-1B3D-4FA7-BC2C-B9688B516B13}.Release|Any CPU.ActiveCfg = Release|Any CPU
		{20D6C086-1B3D-4FA7-BC2C-B9688B516B13}.Release|Any CPU.Build.0 = Release|Any CPU
	EndGlobalSection
	GlobalSection(SolutionProperties) = preSolution
		HideSolutionNode = FALSE
	EndGlobalSection
	GlobalSection(ExtensibilityGlobals) = postSolution
		SolutionGuid = {27A83C20-20AE-4786-B828-F92B1D05546F}
	EndGlobalSection
	GlobalSection(TeamFoundationVersionControl) = preSolution
		SccNumberOfProjects = 7
		SccEnterpriseProvider = {4CA58AB2-18FA-4F8D-95D4-32DDF27D184C}
		SccTeamFoundationServer = http://192.168.14.132:8080/tfs/defaultcollection
		SccLocalPath0 = .
		SccProjectUniqueName1 = CommonHelper\\Posco.DC.CommonHelper.csproj
		SccProjectName1 = CommonHelper
		SccLocalPath1 = CommonHelper
		SccProjectUniqueName2 = Model\\Posco.DC.Model.csproj
		SccProjectName2 = Model
		SccLocalPath2 = Model
		SccProjectUniqueName3 = Posco.DC.SCADA\\Posco.DC.SCADA.csproj
		SccProjectName3 = Posco.DC.SCADA
		SccLocalPath3 = Posco.DC.SCADA
		SccProjectUniqueName4 = Posco.DC.WebHelper\\Posco.DC.WebHelper.csproj
		SccProjectName4 = Posco.DC.WebHelper
		SccLocalPath4 = Posco.DC.WebHelper
		SccProjectUniqueName5 = Repository\\Posco.DC.Repository.csproj
		SccProjectName5 = Repository
		SccLocalPath5 = Repository
		SccProjectUniqueName6 = Services\\Posco.DC.Services.csproj
		SccProjectName6 = Services
		SccLocalPath6 = Services
	EndGlobalSection
EndGlobal
